// !$*UTF8*$!
{
	archiveVersion = 1;
	classes = {
	};
	objectVersion = 50;
	objects = {

/* Begin PBXBuildFile section */
		51050C362155E736005A13DC /* MainNavigationController.swift in Sources */ = {isa = PBXBuildFile; fileRef = 51050C352155E736005A13DC /* MainNavigationController.swift */; };
		51050C382155E76F005A13DC /* MainViewController.swift in Sources */ = {isa = PBXBuildFile; fileRef = 51050C372155E76F005A13DC /* MainViewController.swift */; };
		51050C3A2155E7D5005A13DC /* TaskViewController.swift in Sources */ = {isa = PBXBuildFile; fileRef = 51050C392155E7D5005A13DC /* TaskViewController.swift */; };
		510A0F2521976CE300230340 /* AddCategoryViewController.swift in Sources */ = {isa = PBXBuildFile; fileRef = 510A0F2421976CE300230340 /* AddCategoryViewController.swift */; };
		510FCB8F2281355B00841B48 /* BalanceTimer.swift in Sources */ = {isa = PBXBuildFile; fileRef = 510FCB8E2281355B00841B48 /* BalanceTimer.swift */; };
		5121E88C2299AD9500BBD928 /* ActiveCategories.swift in Sources */ = {isa = PBXBuildFile; fileRef = 5121E88B2299AD9500BBD928 /* ActiveCategories.swift */; };
		5121E88E229CCC7A00BBD928 /* BalanceSearchField.swift in Sources */ = {isa = PBXBuildFile; fileRef = 5121E88D229CCC7A00BBD928 /* BalanceSearchField.swift */; };
		5121E892229F6C8D00BBD928 /* FixScheduleView.swift in Sources */ = {isa = PBXBuildFile; fileRef = 5121E891229F6C8D00BBD928 /* FixScheduleView.swift */; };
		513C8FF0219D363600785705 /* CategoryViewController.swift in Sources */ = {isa = PBXBuildFile; fileRef = 513C8FEF219D363600785705 /* CategoryViewController.swift */; };
		514830BA22D69A36000BFA5F /* LoginViewController.swift in Sources */ = {isa = PBXBuildFile; fileRef = 514830B922D69A36000BFA5F /* LoginViewController.swift */; };
		514F52712197FC590091FA83 /* GoogleService-Info.plist in Resources */ = {isa = PBXBuildFile; fileRef = 514F52702197FC590091FA83 /* GoogleService-Info.plist */; };
		516B679C21A28284008BDCF4 /* HomeViewController.swift in Sources */ = {isa = PBXBuildFile; fileRef = 516B679B21A28284008BDCF4 /* HomeViewController.swift */; };
		516B679E21A28B94008BDCF4 /* NSUIColor+Hex.swift in Sources */ = {isa = PBXBuildFile; fileRef = 516B679D21A28B94008BDCF4 /* NSUIColor+Hex.swift */; };
		517B488222531ADE00544647 /* RealmObjects.swift in Sources */ = {isa = PBXBuildFile; fileRef = 517B488122531ADE00544647 /* RealmObjects.swift */; };
		517B48842256D76A00544647 /* scratch.swift in Sources */ = {isa = PBXBuildFile; fileRef = 517B48832256D76A00544647 /* scratch.swift */; };
		518256A6210FA94500A0788D /* AppDelegate.swift in Sources */ = {isa = PBXBuildFile; fileRef = 518256A5210FA94500A0788D /* AppDelegate.swift */; };
		518256A8210FA94500A0788D /* ViewController.swift in Sources */ = {isa = PBXBuildFile; fileRef = 518256A7210FA94500A0788D /* ViewController.swift */; };
		518256BE210FA94600A0788D /* balanceTests.swift in Sources */ = {isa = PBXBuildFile; fileRef = 518256BD210FA94600A0788D /* balanceTests.swift */; };
		518256C9210FA94600A0788D /* balanceUITests.swift in Sources */ = {isa = PBXBuildFile; fileRef = 518256C8210FA94600A0788D /* balanceUITests.swift */; };
		518F4C5921AB34DF00E4EBA7 /* DynamicTaskViewController.swift in Sources */ = {isa = PBXBuildFile; fileRef = 518F4C5821AB34DF00E4EBA7 /* DynamicTaskViewController.swift */; };
		51B207FC219F91B300563A9F /* AddTaskViewController.swift in Sources */ = {isa = PBXBuildFile; fileRef = 51B207FB219F91B300563A9F /* AddTaskViewController.swift */; };
		51CEA7EC22E551F300217CE5 /* Stability.xcdatamodeld in Sources */ = {isa = PBXBuildFile; fileRef = 51CEA7EA22E551F300217CE5 /* Stability.xcdatamodeld */; };
		51DECAC422DE486D00A8A4D3 /* ProfileViewController.swift in Sources */ = {isa = PBXBuildFile; fileRef = 51DECAC322DE486D00A8A4D3 /* ProfileViewController.swift */; };
		51F5C56921DDBBEF00627E15 /* ActiveTaskViewController.swift in Sources */ = {isa = PBXBuildFile; fileRef = 51F5C56821DDBBEF00627E15 /* ActiveTaskViewController.swift */; };
		BBFC74B162BE6CAB77E32468 /* Pods_StabilityTests.framework in Frameworks */ = {isa = PBXBuildFile; fileRef = DE6E111A93272C9603211944 /* Pods_StabilityTests.framework */; };
		FC83AEE2BB972EDE8BCDB4D8 /* Pods_Stability.framework in Frameworks */ = {isa = PBXBuildFile; fileRef = 6B1D214644170A38BDBC051A /* Pods_Stability.framework */; };
		FFB8B0789FB4774DB6AE3C47 /* Pods_StabilityUITests.framework in Frameworks */ = {isa = PBXBuildFile; fileRef = 3BC1C8C6BEB9DB22C1ED81BB /* Pods_StabilityUITests.framework */; };
/* End PBXBuildFile section */

/* Begin PBXContainerItemProxy section */
		518256BA210FA94600A0788D /* PBXContainerItemProxy */ = {
			isa = PBXContainerItemProxy;
			containerPortal = 5182569A210FA94500A0788D /* Project object */;
			proxyType = 1;
			remoteGlobalIDString = 518256A1210FA94500A0788D;
			remoteInfo = balance;
		};
		518256C5210FA94600A0788D /* PBXContainerItemProxy */ = {
			isa = PBXContainerItemProxy;
			containerPortal = 5182569A210FA94500A0788D /* Project object */;
			proxyType = 1;
			remoteGlobalIDString = 518256A1210FA94500A0788D;
			remoteInfo = balance;
		};
/* End PBXContainerItemProxy section */

/* Begin PBXFileReference section */
		07598AA1079041CEF6B6054A /* Pods-Stability.debug.xcconfig */ = {isa = PBXFileReference; includeInIndex = 1; lastKnownFileType = text.xcconfig; name = "Pods-Stability.debug.xcconfig"; path = "Pods/Target Support Files/Pods-Stability/Pods-Stability.debug.xcconfig"; sourceTree = "<group>"; };
		138906253B142243C57B19E8 /* Pods-StabilityTests.debug.xcconfig */ = {isa = PBXFileReference; includeInIndex = 1; lastKnownFileType = text.xcconfig; name = "Pods-StabilityTests.debug.xcconfig"; path = "Pods/Target Support Files/Pods-StabilityTests/Pods-StabilityTests.debug.xcconfig"; sourceTree = "<group>"; };
		153CA77710A7D6A5AA5452C3 /* Pods-StabilityUITests.release.xcconfig */ = {isa = PBXFileReference; includeInIndex = 1; lastKnownFileType = text.xcconfig; name = "Pods-StabilityUITests.release.xcconfig"; path = "Pods/Target Support Files/Pods-StabilityUITests/Pods-StabilityUITests.release.xcconfig"; sourceTree = "<group>"; };
		3BC1C8C6BEB9DB22C1ED81BB /* Pods_StabilityUITests.framework */ = {isa = PBXFileReference; explicitFileType = wrapper.framework; includeInIndex = 0; path = Pods_StabilityUITests.framework; sourceTree = BUILT_PRODUCTS_DIR; };
		4761555CB4EC34BB79F30DC5 /* Pods-StabilityUITests.debug.xcconfig */ = {isa = PBXFileReference; includeInIndex = 1; lastKnownFileType = text.xcconfig; name = "Pods-StabilityUITests.debug.xcconfig"; path = "Pods/Target Support Files/Pods-StabilityUITests/Pods-StabilityUITests.debug.xcconfig"; sourceTree = "<group>"; };
		51050C352155E736005A13DC /* MainNavigationController.swift */ = {isa = PBXFileReference; lastKnownFileType = sourcecode.swift; path = MainNavigationController.swift; sourceTree = "<group>"; };
		51050C372155E76F005A13DC /* MainViewController.swift */ = {isa = PBXFileReference; lastKnownFileType = sourcecode.swift; path = MainViewController.swift; sourceTree = "<group>"; };
		51050C392155E7D5005A13DC /* TaskViewController.swift */ = {isa = PBXFileReference; lastKnownFileType = sourcecode.swift; path = TaskViewController.swift; sourceTree = "<group>"; };
		510A0F2421976CE300230340 /* AddCategoryViewController.swift */ = {isa = PBXFileReference; lastKnownFileType = sourcecode.swift; path = AddCategoryViewController.swift; sourceTree = "<group>"; };
		510FCB8E2281355B00841B48 /* BalanceTimer.swift */ = {isa = PBXFileReference; lastKnownFileType = sourcecode.swift; path = BalanceTimer.swift; sourceTree = "<group>"; };
		5121E88B2299AD9500BBD928 /* ActiveCategories.swift */ = {isa = PBXFileReference; lastKnownFileType = sourcecode.swift; path = ActiveCategories.swift; sourceTree = "<group>"; };
		5121E88D229CCC7A00BBD928 /* BalanceSearchField.swift */ = {isa = PBXFileReference; lastKnownFileType = sourcecode.swift; path = BalanceSearchField.swift; sourceTree = "<group>"; };
		5121E891229F6C8D00BBD928 /* FixScheduleView.swift */ = {isa = PBXFileReference; lastKnownFileType = sourcecode.swift; path = FixScheduleView.swift; sourceTree = "<group>"; };
		513C8FEF219D363600785705 /* CategoryViewController.swift */ = {isa = PBXFileReference; lastKnownFileType = sourcecode.swift; path = CategoryViewController.swift; sourceTree = "<group>"; };
		514830B922D69A36000BFA5F /* LoginViewController.swift */ = {isa = PBXFileReference; lastKnownFileType = sourcecode.swift; path = LoginViewController.swift; sourceTree = "<group>"; };
		514F52702197FC590091FA83 /* GoogleService-Info.plist */ = {isa = PBXFileReference; fileEncoding = 4; lastKnownFileType = text.plist.xml; path = "GoogleService-Info.plist"; sourceTree = "<group>"; };
		516B679B21A28284008BDCF4 /* HomeViewController.swift */ = {isa = PBXFileReference; lastKnownFileType = sourcecode.swift; path = HomeViewController.swift; sourceTree = "<group>"; };
		516B679D21A28B94008BDCF4 /* NSUIColor+Hex.swift */ = {isa = PBXFileReference; lastKnownFileType = sourcecode.swift; path = "NSUIColor+Hex.swift"; sourceTree = "<group>"; };
		517B488122531ADE00544647 /* RealmObjects.swift */ = {isa = PBXFileReference; lastKnownFileType = sourcecode.swift; path = RealmObjects.swift; sourceTree = "<group>"; };
		517B48832256D76A00544647 /* scratch.swift */ = {isa = PBXFileReference; lastKnownFileType = sourcecode.swift; path = scratch.swift; sourceTree = "<group>"; };
		518256A2210FA94500A0788D /* Stability.app */ = {isa = PBXFileReference; explicitFileType = wrapper.application; includeInIndex = 0; path = Stability.app; sourceTree = BUILT_PRODUCTS_DIR; };
		518256A5210FA94500A0788D /* AppDelegate.swift */ = {isa = PBXFileReference; lastKnownFileType = sourcecode.swift; path = AppDelegate.swift; sourceTree = "<group>"; };
		518256A7210FA94500A0788D /* ViewController.swift */ = {isa = PBXFileReference; lastKnownFileType = sourcecode.swift; path = ViewController.swift; sourceTree = "<group>"; };
		518256B4210FA94600A0788D /* Info.plist */ = {isa = PBXFileReference; lastKnownFileType = text.plist.xml; path = Info.plist; sourceTree = "<group>"; };
		518256B9210FA94600A0788D /* StabilityTests.xctest */ = {isa = PBXFileReference; explicitFileType = wrapper.cfbundle; includeInIndex = 0; path = StabilityTests.xctest; sourceTree = BUILT_PRODUCTS_DIR; };
		518256BD210FA94600A0788D /* balanceTests.swift */ = {isa = PBXFileReference; lastKnownFileType = sourcecode.swift; path = balanceTests.swift; sourceTree = "<group>"; };
		518256BF210FA94600A0788D /* Info.plist */ = {isa = PBXFileReference; lastKnownFileType = text.plist.xml; path = Info.plist; sourceTree = "<group>"; };
		518256C4210FA94600A0788D /* StabilityUITests.xctest */ = {isa = PBXFileReference; explicitFileType = wrapper.cfbundle; includeInIndex = 0; path = StabilityUITests.xctest; sourceTree = BUILT_PRODUCTS_DIR; };
		518256C8210FA94600A0788D /* balanceUITests.swift */ = {isa = PBXFileReference; lastKnownFileType = sourcecode.swift; path = balanceUITests.swift; sourceTree = "<group>"; };
		518256CA210FA94600A0788D /* Info.plist */ = {isa = PBXFileReference; lastKnownFileType = text.plist.xml; path = Info.plist; sourceTree = "<group>"; };
		518F4C5821AB34DF00E4EBA7 /* DynamicTaskViewController.swift */ = {isa = PBXFileReference; lastKnownFileType = sourcecode.swift; path = DynamicTaskViewController.swift; sourceTree = "<group>"; };
		51B207FB219F91B300563A9F /* AddTaskViewController.swift */ = {isa = PBXFileReference; lastKnownFileType = sourcecode.swift; path = AddTaskViewController.swift; sourceTree = "<group>"; };
		51CEA7EB22E551F300217CE5 /* balance.xcdatamodel */ = {isa = PBXFileReference; lastKnownFileType = wrapper.xcdatamodel; path = balance.xcdatamodel; sourceTree = "<group>"; };
		51DECAC322DE486D00A8A4D3 /* ProfileViewController.swift */ = {isa = PBXFileReference; lastKnownFileType = sourcecode.swift; path = ProfileViewController.swift; sourceTree = "<group>"; };
		51F5C56821DDBBEF00627E15 /* ActiveTaskViewController.swift */ = {isa = PBXFileReference; lastKnownFileType = sourcecode.swift; path = ActiveTaskViewController.swift; sourceTree = "<group>"; };
		6B1D214644170A38BDBC051A /* Pods_Stability.framework */ = {isa = PBXFileReference; explicitFileType = wrapper.framework; includeInIndex = 0; path = Pods_Stability.framework; sourceTree = BUILT_PRODUCTS_DIR; };
		9CA0E0D3CBDD3547BAF011DB /* Pods-Stability.release.xcconfig */ = {isa = PBXFileReference; includeInIndex = 1; lastKnownFileType = text.xcconfig; name = "Pods-Stability.release.xcconfig"; path = "Pods/Target Support Files/Pods-Stability/Pods-Stability.release.xcconfig"; sourceTree = "<group>"; };
		B4D24F70D2BEBA7079DC51D2 /* Pods-StabilityTests.release.xcconfig */ = {isa = PBXFileReference; includeInIndex = 1; lastKnownFileType = text.xcconfig; name = "Pods-StabilityTests.release.xcconfig"; path = "Pods/Target Support Files/Pods-StabilityTests/Pods-StabilityTests.release.xcconfig"; sourceTree = "<group>"; };
		DE6E111A93272C9603211944 /* Pods_StabilityTests.framework */ = {isa = PBXFileReference; explicitFileType = wrapper.framework; includeInIndex = 0; path = Pods_StabilityTests.framework; sourceTree = BUILT_PRODUCTS_DIR; };
/* End PBXFileReference section */

/* Begin PBXFrameworksBuildPhase section */
		5182569F210FA94500A0788D /* Frameworks */ = {
			isa = PBXFrameworksBuildPhase;
			buildActionMask = 2147483647;
			files = (
				FC83AEE2BB972EDE8BCDB4D8 /* Pods_Stability.framework in Frameworks */,
			);
			runOnlyForDeploymentPostprocessing = 0;
		};
		518256B6210FA94600A0788D /* Frameworks */ = {
			isa = PBXFrameworksBuildPhase;
			buildActionMask = 2147483647;
			files = (
				BBFC74B162BE6CAB77E32468 /* Pods_StabilityTests.framework in Frameworks */,
			);
			runOnlyForDeploymentPostprocessing = 0;
		};
		518256C1210FA94600A0788D /* Frameworks */ = {
			isa = PBXFrameworksBuildPhase;
			buildActionMask = 2147483647;
			files = (
				FFB8B0789FB4774DB6AE3C47 /* Pods_StabilityUITests.framework in Frameworks */,
			);
			runOnlyForDeploymentPostprocessing = 0;
		};
/* End PBXFrameworksBuildPhase section */

/* Begin PBXGroup section */
		24FB2947116E9536EC617482 /* Frameworks */ = {
			isa = PBXGroup;
			children = (
				6B1D214644170A38BDBC051A /* Pods_Stability.framework */,
				DE6E111A93272C9603211944 /* Pods_StabilityTests.framework */,
				3BC1C8C6BEB9DB22C1ED81BB /* Pods_StabilityUITests.framework */,
			);
			name = Frameworks;
			sourceTree = "<group>";
		};
		51825699210FA94500A0788D = {
			isa = PBXGroup;
			children = (
				518256A4210FA94500A0788D /* balance */,
				518256BC210FA94600A0788D /* balanceTests */,
				518256C7210FA94600A0788D /* balanceUITests */,
				518256A3210FA94500A0788D /* Products */,
				930A25449998BC081BBA6994 /* Pods */,
				24FB2947116E9536EC617482 /* Frameworks */,
			);
			sourceTree = "<group>";
		};
		518256A3210FA94500A0788D /* Products */ = {
			isa = PBXGroup;
			children = (
				518256A2210FA94500A0788D /* Stability.app */,
				518256B9210FA94600A0788D /* StabilityTests.xctest */,
				518256C4210FA94600A0788D /* StabilityUITests.xctest */,
			);
			name = Products;
			sourceTree = "<group>";
		};
		518256A4210FA94500A0788D /* balance */ = {
			isa = PBXGroup;
			children = (
				51CEA7EA22E551F300217CE5 /* Stability.xcdatamodeld */,
				51050C372155E76F005A13DC /* MainViewController.swift */,
				518256A5210FA94500A0788D /* AppDelegate.swift */,
				518256A7210FA94500A0788D /* ViewController.swift */,
				5121E88D229CCC7A00BBD928 /* BalanceSearchField.swift */,
				514F52702197FC590091FA83 /* GoogleService-Info.plist */,
				518256B4210FA94600A0788D /* Info.plist */,
				51050C352155E736005A13DC /* MainNavigationController.swift */,
				51050C392155E7D5005A13DC /* TaskViewController.swift */,
				51B207FB219F91B300563A9F /* AddTaskViewController.swift */,
				513C8FEF219D363600785705 /* CategoryViewController.swift */,
				510A0F2421976CE300230340 /* AddCategoryViewController.swift */,
				516B679D21A28B94008BDCF4 /* NSUIColor+Hex.swift */,
				516B679B21A28284008BDCF4 /* HomeViewController.swift */,
				51F5C56821DDBBEF00627E15 /* ActiveTaskViewController.swift */,
				517B488122531ADE00544647 /* RealmObjects.swift */,
				517B48832256D76A00544647 /* scratch.swift */,
				510FCB8E2281355B00841B48 /* BalanceTimer.swift */,
				5121E88B2299AD9500BBD928 /* ActiveCategories.swift */,
				5121E891229F6C8D00BBD928 /* FixScheduleView.swift */,
				514830B922D69A36000BFA5F /* LoginViewController.swift */,
				51DECAC322DE486D00A8A4D3 /* ProfileViewController.swift */,
				518F4C5821AB34DF00E4EBA7 /* DynamicTaskViewController.swift */,
			);
			name = balance;
			path = Stability;
			sourceTree = "<group>";
		};
		518256BC210FA94600A0788D /* balanceTests */ = {
			isa = PBXGroup;
			children = (
				518256BD210FA94600A0788D /* balanceTests.swift */,
				518256BF210FA94600A0788D /* Info.plist */,
			);
			path = balanceTests;
			sourceTree = "<group>";
		};
		518256C7210FA94600A0788D /* balanceUITests */ = {
			isa = PBXGroup;
			children = (
				518256C8210FA94600A0788D /* balanceUITests.swift */,
				518256CA210FA94600A0788D /* Info.plist */,
			);
			path = balanceUITests;
			sourceTree = "<group>";
		};
		930A25449998BC081BBA6994 /* Pods */ = {
			isa = PBXGroup;
			children = (
				07598AA1079041CEF6B6054A /* Pods-Stability.debug.xcconfig */,
				9CA0E0D3CBDD3547BAF011DB /* Pods-Stability.release.xcconfig */,
				138906253B142243C57B19E8 /* Pods-StabilityTests.debug.xcconfig */,
				B4D24F70D2BEBA7079DC51D2 /* Pods-StabilityTests.release.xcconfig */,
				4761555CB4EC34BB79F30DC5 /* Pods-StabilityUITests.debug.xcconfig */,
				153CA77710A7D6A5AA5452C3 /* Pods-StabilityUITests.release.xcconfig */,
			);
			name = Pods;
			sourceTree = "<group>";
		};
/* End PBXGroup section */

/* Begin PBXNativeTarget section */
		518256A1210FA94500A0788D /* Stability */ = {
			isa = PBXNativeTarget;
			buildConfigurationList = 518256CD210FA94600A0788D /* Build configuration list for PBXNativeTarget "Stability" */;
			buildPhases = (
				80C7F2370FADF06A89726567 /* [CP] Check Pods Manifest.lock */,
				5182569E210FA94500A0788D /* Sources */,
				5182569F210FA94500A0788D /* Frameworks */,
				518256A0210FA94500A0788D /* Resources */,
				38A6F22160CDF85E5D8631B7 /* [CP] Embed Pods Frameworks */,
				A621A90BB4AFBBE5BD82527D /* [CP] Copy Pods Resources */,
			);
			buildRules = (
			);
			dependencies = (
			);
			name = Stability;
			productName = balance;
			productReference = 518256A2210FA94500A0788D /* Stability.app */;
			productType = "com.apple.product-type.application";
		};
		518256B8210FA94600A0788D /* StabilityTests */ = {
			isa = PBXNativeTarget;
			buildConfigurationList = 518256D0210FA94600A0788D /* Build configuration list for PBXNativeTarget "StabilityTests" */;
			buildPhases = (
				88A8A40ED330B7C662C4E6FF /* [CP] Check Pods Manifest.lock */,
				518256B5210FA94600A0788D /* Sources */,
				518256B6210FA94600A0788D /* Frameworks */,
				518256B7210FA94600A0788D /* Resources */,
			);
			buildRules = (
			);
			dependencies = (
				518256BB210FA94600A0788D /* PBXTargetDependency */,
			);
			name = StabilityTests;
			productName = balanceTests;
			productReference = 518256B9210FA94600A0788D /* StabilityTests.xctest */;
			productType = "com.apple.product-type.bundle.unit-test";
		};
		518256C3210FA94600A0788D /* StabilityUITests */ = {
			isa = PBXNativeTarget;
			buildConfigurationList = 518256D3210FA94600A0788D /* Build configuration list for PBXNativeTarget "StabilityUITests" */;
			buildPhases = (
				742A411C3159FAE276C8FFA9 /* [CP] Check Pods Manifest.lock */,
				518256C0210FA94600A0788D /* Sources */,
				518256C1210FA94600A0788D /* Frameworks */,
				518256C2210FA94600A0788D /* Resources */,
			);
			buildRules = (
			);
			dependencies = (
				518256C6210FA94600A0788D /* PBXTargetDependency */,
			);
			name = StabilityUITests;
			productName = balanceUITests;
			productReference = 518256C4210FA94600A0788D /* StabilityUITests.xctest */;
			productType = "com.apple.product-type.bundle.ui-testing";
		};
/* End PBXNativeTarget section */

/* Begin PBXProject section */
		5182569A210FA94500A0788D /* Project object */ = {
			isa = PBXProject;
			attributes = {
				LastSwiftUpdateCheck = 0940;
				LastUpgradeCheck = 0940;
				ORGANIZATIONNAME = "Orb Mentality";
				TargetAttributes = {
					518256A1210FA94500A0788D = {
						CreatedOnToolsVersion = 9.4.1;
						LastSwiftMigration = 1020;
						SystemCapabilities = {
							com.apple.Push = {
								enabled = 0;
							};
						};
					};
					518256B8210FA94600A0788D = {
						CreatedOnToolsVersion = 9.4.1;
						LastSwiftMigration = 1020;
						TestTargetID = 518256A1210FA94500A0788D;
					};
					518256C3210FA94600A0788D = {
						CreatedOnToolsVersion = 9.4.1;
						LastSwiftMigration = 1020;
						TestTargetID = 518256A1210FA94500A0788D;
					};
				};
			};
			buildConfigurationList = 5182569D210FA94500A0788D /* Build configuration list for PBXProject "Stability" */;
			compatibilityVersion = "Xcode 9.3";
			developmentRegion = en;
			hasScannedForEncodings = 0;
			knownRegions = (
				en,
				Base,
			);
			mainGroup = 51825699210FA94500A0788D;
			productRefGroup = 518256A3210FA94500A0788D /* Products */;
			projectDirPath = "";
			projectRoot = "";
			targets = (
				518256A1210FA94500A0788D /* Stability */,
				518256B8210FA94600A0788D /* StabilityTests */,
				518256C3210FA94600A0788D /* StabilityUITests */,
			);
		};
/* End PBXProject section */

/* Begin PBXResourcesBuildPhase section */
		518256A0210FA94500A0788D /* Resources */ = {
			isa = PBXResourcesBuildPhase;
			buildActionMask = 2147483647;
			files = (
				514F52712197FC590091FA83 /* GoogleService-Info.plist in Resources */,
			);
			runOnlyForDeploymentPostprocessing = 0;
		};
		518256B7210FA94600A0788D /* Resources */ = {
			isa = PBXResourcesBuildPhase;
			buildActionMask = 2147483647;
			files = (
			);
			runOnlyForDeploymentPostprocessing = 0;
		};
		518256C2210FA94600A0788D /* Resources */ = {
			isa = PBXResourcesBuildPhase;
			buildActionMask = 2147483647;
			files = (
			);
			runOnlyForDeploymentPostprocessing = 0;
		};
/* End PBXResourcesBuildPhase section */

/* Begin PBXShellScriptBuildPhase section */
		38A6F22160CDF85E5D8631B7 /* [CP] Embed Pods Frameworks */ = {
			isa = PBXShellScriptBuildPhase;
			buildActionMask = 2147483647;
			files = (
			);
			inputPaths = (
				"${SRCROOT}/Pods/Target Support Files/Pods-Stability/Pods-Stability-frameworks.sh",
				"${BUILT_PRODUCTS_DIR}/Charts/Charts.framework",
				"${BUILT_PRODUCTS_DIR}/GTMSessionFetcher/GTMSessionFetcher.framework",
				"${BUILT_PRODUCTS_DIR}/GoogleUtilities/GoogleUtilities.framework",
				"${BUILT_PRODUCTS_DIR}/Realm/Realm.framework",
				"${BUILT_PRODUCTS_DIR}/RealmSwift/RealmSwift.framework",
				"${BUILT_PRODUCTS_DIR}/SearchTextField/SearchTextField.framework",
				"${BUILT_PRODUCTS_DIR}/leveldb-library/leveldb.framework",
				"${BUILT_PRODUCTS_DIR}/nanopb/nanopb.framework",
			);
			name = "[CP] Embed Pods Frameworks";
			outputPaths = (
				"${TARGET_BUILD_DIR}/${FRAMEWORKS_FOLDER_PATH}/Charts.framework",
				"${TARGET_BUILD_DIR}/${FRAMEWORKS_FOLDER_PATH}/GTMSessionFetcher.framework",
				"${TARGET_BUILD_DIR}/${FRAMEWORKS_FOLDER_PATH}/GoogleUtilities.framework",
				"${TARGET_BUILD_DIR}/${FRAMEWORKS_FOLDER_PATH}/Realm.framework",
				"${TARGET_BUILD_DIR}/${FRAMEWORKS_FOLDER_PATH}/RealmSwift.framework",
				"${TARGET_BUILD_DIR}/${FRAMEWORKS_FOLDER_PATH}/SearchTextField.framework",
				"${TARGET_BUILD_DIR}/${FRAMEWORKS_FOLDER_PATH}/leveldb.framework",
				"${TARGET_BUILD_DIR}/${FRAMEWORKS_FOLDER_PATH}/nanopb.framework",
			);
			runOnlyForDeploymentPostprocessing = 0;
			shellPath = /bin/sh;
			shellScript = "\"${SRCROOT}/Pods/Target Support Files/Pods-Stability/Pods-Stability-frameworks.sh\"\n";
			showEnvVarsInLog = 0;
		};
		742A411C3159FAE276C8FFA9 /* [CP] Check Pods Manifest.lock */ = {
			isa = PBXShellScriptBuildPhase;
			buildActionMask = 2147483647;
			files = (
			);
			inputPaths = (
				"${PODS_PODFILE_DIR_PATH}/Podfile.lock",
				"${PODS_ROOT}/Manifest.lock",
			);
			name = "[CP] Check Pods Manifest.lock";
			outputPaths = (
				"$(DERIVED_FILE_DIR)/Pods-StabilityUITests-checkManifestLockResult.txt",
			);
			runOnlyForDeploymentPostprocessing = 0;
			shellPath = /bin/sh;
			shellScript = "diff \"${PODS_PODFILE_DIR_PATH}/Podfile.lock\" \"${PODS_ROOT}/Manifest.lock\" > /dev/null\nif [ $? != 0 ] ; then\n    # print error to STDERR\n    echo \"error: The sandbox is not in sync with the Podfile.lock. Run 'pod install' or update your CocoaPods installation.\" >&2\n    exit 1\nfi\n# This output is used by Xcode 'outputs' to avoid re-running this script phase.\necho \"SUCCESS\" > \"${SCRIPT_OUTPUT_FILE_0}\"\n";
			showEnvVarsInLog = 0;
		};
		80C7F2370FADF06A89726567 /* [CP] Check Pods Manifest.lock */ = {
			isa = PBXShellScriptBuildPhase;
			buildActionMask = 2147483647;
			files = (
			);
			inputPaths = (
				"${PODS_PODFILE_DIR_PATH}/Podfile.lock",
				"${PODS_ROOT}/Manifest.lock",
			);
			name = "[CP] Check Pods Manifest.lock";
			outputPaths = (
				"$(DERIVED_FILE_DIR)/Pods-Stability-checkManifestLockResult.txt",
			);
			runOnlyForDeploymentPostprocessing = 0;
			shellPath = /bin/sh;
			shellScript = "diff \"${PODS_PODFILE_DIR_PATH}/Podfile.lock\" \"${PODS_ROOT}/Manifest.lock\" > /dev/null\nif [ $? != 0 ] ; then\n    # print error to STDERR\n    echo \"error: The sandbox is not in sync with the Podfile.lock. Run 'pod install' or update your CocoaPods installation.\" >&2\n    exit 1\nfi\n# This output is used by Xcode 'outputs' to avoid re-running this script phase.\necho \"SUCCESS\" > \"${SCRIPT_OUTPUT_FILE_0}\"\n";
			showEnvVarsInLog = 0;
		};
		88A8A40ED330B7C662C4E6FF /* [CP] Check Pods Manifest.lock */ = {
			isa = PBXShellScriptBuildPhase;
			buildActionMask = 2147483647;
			files = (
			);
			inputPaths = (
				"${PODS_PODFILE_DIR_PATH}/Podfile.lock",
				"${PODS_ROOT}/Manifest.lock",
			);
			name = "[CP] Check Pods Manifest.lock";
			outputPaths = (
				"$(DERIVED_FILE_DIR)/Pods-StabilityTests-checkManifestLockResult.txt",
			);
			runOnlyForDeploymentPostprocessing = 0;
			shellPath = /bin/sh;
			shellScript = "diff \"${PODS_PODFILE_DIR_PATH}/Podfile.lock\" \"${PODS_ROOT}/Manifest.lock\" > /dev/null\nif [ $? != 0 ] ; then\n    # print error to STDERR\n    echo \"error: The sandbox is not in sync with the Podfile.lock. Run 'pod install' or update your CocoaPods installation.\" >&2\n    exit 1\nfi\n# This output is used by Xcode 'outputs' to avoid re-running this script phase.\necho \"SUCCESS\" > \"${SCRIPT_OUTPUT_FILE_0}\"\n";
			showEnvVarsInLog = 0;
		};
		A621A90BB4AFBBE5BD82527D /* [CP] Copy Pods Resources */ = {
			isa = PBXShellScriptBuildPhase;
			buildActionMask = 2147483647;
			files = (
			);
			inputPaths = (
				"${SRCROOT}/Pods/Target Support Files/Pods-Stability/Pods-Stability-resources.sh",
				"${PODS_CONFIGURATION_BUILD_DIR}/FirebaseUI/FirebaseAuthUI.bundle",
			);
			name = "[CP] Copy Pods Resources";
			outputPaths = (
				"${TARGET_BUILD_DIR}/${UNLOCALIZED_RESOURCES_FOLDER_PATH}/FirebaseAuthUI.bundle",
			);
			runOnlyForDeploymentPostprocessing = 0;
			shellPath = /bin/sh;
			shellScript = "\"${SRCROOT}/Pods/Target Support Files/Pods-Stability/Pods-Stability-resources.sh\"\n";
			showEnvVarsInLog = 0;
		};
/* End PBXShellScriptBuildPhase section */

/* Begin PBXSourcesBuildPhase section */
		5182569E210FA94500A0788D /* Sources */ = {
			isa = PBXSourcesBuildPhase;
			buildActionMask = 2147483647;
			files = (
				510A0F2521976CE300230340 /* AddCategoryViewController.swift in Sources */,
				51050C362155E736005A13DC /* MainNavigationController.swift in Sources */,
				517B488222531ADE00544647 /* RealmObjects.swift in Sources */,
				518256A8210FA94500A0788D /* ViewController.swift in Sources */,
				518256A6210FA94500A0788D /* AppDelegate.swift in Sources */,
				5121E88E229CCC7A00BBD928 /* BalanceSearchField.swift in Sources */,
				513C8FF0219D363600785705 /* CategoryViewController.swift in Sources */,
				5121E892229F6C8D00BBD928 /* FixScheduleView.swift in Sources */,
				514830BA22D69A36000BFA5F /* LoginViewController.swift in Sources */,
				51CEA7EC22E551F300217CE5 /* Stability.xcdatamodeld in Sources */,
				51F5C56921DDBBEF00627E15 /* ActiveTaskViewController.swift in Sources */,
				510FCB8F2281355B00841B48 /* BalanceTimer.swift in Sources */,
				516B679C21A28284008BDCF4 /* HomeViewController.swift in Sources */,
				51050C382155E76F005A13DC /* MainViewController.swift in Sources */,
				5121E88C2299AD9500BBD928 /* ActiveCategories.swift in Sources */,
				518F4C5921AB34DF00E4EBA7 /* DynamicTaskViewController.swift in Sources */,
				516B679E21A28B94008BDCF4 /* NSUIColor+Hex.swift in Sources */,
				517B48842256D76A00544647 /* scratch.swift in Sources */,
				51DECAC422DE486D00A8A4D3 /* ProfileViewController.swift in Sources */,
				51B207FC219F91B300563A9F /* AddTaskViewController.swift in Sources */,
				51050C3A2155E7D5005A13DC /* TaskViewController.swift in Sources */,
			);
			runOnlyForDeploymentPostprocessing = 0;
		};
		518256B5210FA94600A0788D /* Sources */ = {
			isa = PBXSourcesBuildPhase;
			buildActionMask = 2147483647;
			files = (
				518256BE210FA94600A0788D /* balanceTests.swift in Sources */,
			);
			runOnlyForDeploymentPostprocessing = 0;
		};
		518256C0210FA94600A0788D /* Sources */ = {
			isa = PBXSourcesBuildPhase;
			buildActionMask = 2147483647;
			files = (
				518256C9210FA94600A0788D /* balanceUITests.swift in Sources */,
			);
			runOnlyForDeploymentPostprocessing = 0;
		};
/* End PBXSourcesBuildPhase section */

/* Begin PBXTargetDependency section */
		518256BB210FA94600A0788D /* PBXTargetDependency */ = {
			isa = PBXTargetDependency;
			target = 518256A1210FA94500A0788D /* Stability */;
			targetProxy = 518256BA210FA94600A0788D /* PBXContainerItemProxy */;
		};
		518256C6210FA94600A0788D /* PBXTargetDependency */ = {
			isa = PBXTargetDependency;
			target = 518256A1210FA94500A0788D /* Stability */;
			targetProxy = 518256C5210FA94600A0788D /* PBXContainerItemProxy */;
		};
/* End PBXTargetDependency section */

/* Begin XCBuildConfiguration section */
		518256CB210FA94600A0788D /* Debug */ = {
			isa = XCBuildConfiguration;
			buildSettings = {
				ALWAYS_SEARCH_USER_PATHS = NO;
				CLANG_ANALYZER_NONNULL = YES;
				CLANG_ANALYZER_NUMBER_OBJECT_CONVERSION = YES_AGGRESSIVE;
				CLANG_CXX_LANGUAGE_STANDARD = "gnu++14";
				CLANG_CXX_LIBRARY = "libc++";
				CLANG_ENABLE_MODULES = YES;
				CLANG_ENABLE_OBJC_ARC = YES;
				CLANG_ENABLE_OBJC_WEAK = YES;
				CLANG_WARN_BLOCK_CAPTURE_AUTORELEASING = YES;
				CLANG_WARN_BOOL_CONVERSION = YES;
				CLANG_WARN_COMMA = YES;
				CLANG_WARN_CONSTANT_CONVERSION = YES;
				CLANG_WARN_DEPRECATED_OBJC_IMPLEMENTATIONS = YES;
				CLANG_WARN_DIRECT_OBJC_ISA_USAGE = YES_ERROR;
				CLANG_WARN_DOCUMENTATION_COMMENTS = YES;
				CLANG_WARN_EMPTY_BODY = YES;
				CLANG_WARN_ENUM_CONVERSION = YES;
				CLANG_WARN_INFINITE_RECURSION = YES;
				CLANG_WARN_INT_CONVERSION = YES;
				CLANG_WARN_NON_LITERAL_NULL_CONVERSION = YES;
				CLANG_WARN_OBJC_IMPLICIT_RETAIN_SELF = YES;
				CLANG_WARN_OBJC_LITERAL_CONVERSION = YES;
				CLANG_WARN_OBJC_ROOT_CLASS = YES_ERROR;
				CLANG_WARN_RANGE_LOOP_ANALYSIS = YES;
				CLANG_WARN_STRICT_PROTOTYPES = YES;
				CLANG_WARN_SUSPICIOUS_MOVE = YES;
				CLANG_WARN_UNGUARDED_AVAILABILITY = YES_AGGRESSIVE;
				CLANG_WARN_UNREACHABLE_CODE = YES;
				CLANG_WARN__DUPLICATE_METHOD_MATCH = YES;
				CODE_SIGN_IDENTITY = "iPhone Developer";
				COPY_PHASE_STRIP = NO;
				DEBUG_INFORMATION_FORMAT = dwarf;
				ENABLE_STRICT_OBJC_MSGSEND = YES;
				ENABLE_TESTABILITY = YES;
				GCC_C_LANGUAGE_STANDARD = gnu11;
				GCC_DYNAMIC_NO_PIC = NO;
				GCC_NO_COMMON_BLOCKS = YES;
				GCC_OPTIMIZATION_LEVEL = 0;
				GCC_PREPROCESSOR_DEFINITIONS = (
					"DEBUG=1",
					"$(inherited)",
				);
				GCC_WARN_64_TO_32_BIT_CONVERSION = YES;
				GCC_WARN_ABOUT_RETURN_TYPE = YES_ERROR;
				GCC_WARN_UNDECLARED_SELECTOR = YES;
				GCC_WARN_UNINITIALIZED_AUTOS = YES_AGGRESSIVE;
				GCC_WARN_UNUSED_FUNCTION = YES;
				GCC_WARN_UNUSED_VARIABLE = YES;
				IPHONEOS_DEPLOYMENT_TARGET = 11.4;
				MTL_ENABLE_DEBUG_INFO = YES;
				ONLY_ACTIVE_ARCH = YES;
				SDKROOT = iphoneos;
				SWIFT_ACTIVE_COMPILATION_CONDITIONS = DEBUG;
				SWIFT_OPTIMIZATION_LEVEL = "-Onone";
				SWIFT_VERSION = 4.2;
			};
			name = Debug;
		};
		518256CC210FA94600A0788D /* Release */ = {
			isa = XCBuildConfiguration;
			buildSettings = {
				ALWAYS_SEARCH_USER_PATHS = NO;
				CLANG_ANALYZER_NONNULL = YES;
				CLANG_ANALYZER_NUMBER_OBJECT_CONVERSION = YES_AGGRESSIVE;
				CLANG_CXX_LANGUAGE_STANDARD = "gnu++14";
				CLANG_CXX_LIBRARY = "libc++";
				CLANG_ENABLE_MODULES = YES;
				CLANG_ENABLE_OBJC_ARC = YES;
				CLANG_ENABLE_OBJC_WEAK = YES;
				CLANG_WARN_BLOCK_CAPTURE_AUTORELEASING = YES;
				CLANG_WARN_BOOL_CONVERSION = YES;
				CLANG_WARN_COMMA = YES;
				CLANG_WARN_CONSTANT_CONVERSION = YES;
				CLANG_WARN_DEPRECATED_OBJC_IMPLEMENTATIONS = YES;
				CLANG_WARN_DIRECT_OBJC_ISA_USAGE = YES_ERROR;
				CLANG_WARN_DOCUMENTATION_COMMENTS = YES;
				CLANG_WARN_EMPTY_BODY = YES;
				CLANG_WARN_ENUM_CONVERSION = YES;
				CLANG_WARN_INFINITE_RECURSION = YES;
				CLANG_WARN_INT_CONVERSION = YES;
				CLANG_WARN_NON_LITERAL_NULL_CONVERSION = YES;
				CLANG_WARN_OBJC_IMPLICIT_RETAIN_SELF = YES;
				CLANG_WARN_OBJC_LITERAL_CONVERSION = YES;
				CLANG_WARN_OBJC_ROOT_CLASS = YES_ERROR;
				CLANG_WARN_RANGE_LOOP_ANALYSIS = YES;
				CLANG_WARN_STRICT_PROTOTYPES = YES;
				CLANG_WARN_SUSPICIOUS_MOVE = YES;
				CLANG_WARN_UNGUARDED_AVAILABILITY = YES_AGGRESSIVE;
				CLANG_WARN_UNREACHABLE_CODE = YES;
				CLANG_WARN__DUPLICATE_METHOD_MATCH = YES;
				CODE_SIGN_IDENTITY = "iPhone Developer";
				COPY_PHASE_STRIP = NO;
				DEBUG_INFORMATION_FORMAT = "dwarf-with-dsym";
				ENABLE_NS_ASSERTIONS = NO;
				ENABLE_STRICT_OBJC_MSGSEND = YES;
				GCC_C_LANGUAGE_STANDARD = gnu11;
				GCC_NO_COMMON_BLOCKS = YES;
				GCC_WARN_64_TO_32_BIT_CONVERSION = YES;
				GCC_WARN_ABOUT_RETURN_TYPE = YES_ERROR;
				GCC_WARN_UNDECLARED_SELECTOR = YES;
				GCC_WARN_UNINITIALIZED_AUTOS = YES_AGGRESSIVE;
				GCC_WARN_UNUSED_FUNCTION = YES;
				GCC_WARN_UNUSED_VARIABLE = YES;
				IPHONEOS_DEPLOYMENT_TARGET = 11.4;
				MTL_ENABLE_DEBUG_INFO = NO;
				SDKROOT = iphoneos;
				SWIFT_COMPILATION_MODE = wholemodule;
				SWIFT_OPTIMIZATION_LEVEL = "-O";
				SWIFT_VERSION = 4.2;
				VALIDATE_PRODUCT = YES;
			};
			name = Release;
		};
		518256CE210FA94600A0788D /* Debug */ = {
			isa = XCBuildConfiguration;
			baseConfigurationReference = 07598AA1079041CEF6B6054A /* Pods-Stability.debug.xcconfig */;
			buildSettings = {
				ASSETCATALOG_COMPILER_APPICON_NAME = AppIcon;
				ASSETCATALOG_COMPILER_LAUNCHIMAGE_NAME = LaunchImage;
				CODE_SIGN_STYLE = Automatic;
				DEVELOPMENT_TEAM = N8Y3UV695H;
				INFOPLIST_FILE = Stability/Info.plist;
				LD_RUNPATH_SEARCH_PATHS = (
					"$(inherited)",
					"@executable_path/Frameworks",
				);
				PRODUCT_BUNDLE_IDENTIFIER = com.bensheppard.stability;
				PRODUCT_NAME = "$(TARGET_NAME)";
				SWIFT_VERSION = 4.2;
				TARGETED_DEVICE_FAMILY = 1;
			};
			name = Debug;
		};
		518256CF210FA94600A0788D /* Release */ = {
			isa = XCBuildConfiguration;
			baseConfigurationReference = 9CA0E0D3CBDD3547BAF011DB /* Pods-Stability.release.xcconfig */;
			buildSettings = {
				ASSETCATALOG_COMPILER_APPICON_NAME = AppIcon;
				ASSETCATALOG_COMPILER_LAUNCHIMAGE_NAME = LaunchImage;
				CODE_SIGN_STYLE = Automatic;
				DEVELOPMENT_TEAM = N8Y3UV695H;
				INFOPLIST_FILE = Stability/Info.plist;
				LD_RUNPATH_SEARCH_PATHS = (
					"$(inherited)",
					"@executable_path/Frameworks",
				);
				PRODUCT_BUNDLE_IDENTIFIER = com.bensheppard.stability;
				PRODUCT_NAME = "$(TARGET_NAME)";
				SWIFT_VERSION = 4.2;
				TARGETED_DEVICE_FAMILY = 1;
			};
			name = Release;
		};
		518256D1210FA94600A0788D /* Debug */ = {
			isa = XCBuildConfiguration;
			baseConfigurationReference = 138906253B142243C57B19E8 /* Pods-StabilityTests.debug.xcconfig */;
			buildSettings = {
				ALWAYS_EMBED_SWIFT_STANDARD_LIBRARIES = YES;
				BUNDLE_LOADER = "$(TEST_HOST)";
				CODE_SIGN_STYLE = Automatic;
				DEVELOPMENT_TEAM = N8Y3UV695H;
				INFOPLIST_FILE = balanceTests/Info.plist;
				LD_RUNPATH_SEARCH_PATHS = (
					"$(inherited)",
					"@executable_path/Frameworks",
					"@loader_path/Frameworks",
				);
				PRODUCT_BUNDLE_IDENTIFIER = com.orbmentality.balanceTests;
				PRODUCT_NAME = "$(TARGET_NAME)";
				SWIFT_VERSION = 5.0;
				TARGETED_DEVICE_FAMILY = "1,2";
				TEST_HOST = "$(BUILT_PRODUCTS_DIR)/Stability.app/Stability";
			};
			name = Debug;
		};
		518256D2210FA94600A0788D /* Release */ = {
			isa = XCBuildConfiguration;
			baseConfigurationReference = B4D24F70D2BEBA7079DC51D2 /* Pods-StabilityTests.release.xcconfig */;
			buildSettings = {
				ALWAYS_EMBED_SWIFT_STANDARD_LIBRARIES = YES;
				BUNDLE_LOADER = "$(TEST_HOST)";
				CODE_SIGN_STYLE = Automatic;
				DEVELOPMENT_TEAM = N8Y3UV695H;
				INFOPLIST_FILE = balanceTests/Info.plist;
				LD_RUNPATH_SEARCH_PATHS = (
					"$(inherited)",
					"@executable_path/Frameworks",
					"@loader_path/Frameworks",
				);
				PRODUCT_BUNDLE_IDENTIFIER = com.orbmentality.balanceTests;
				PRODUCT_NAME = "$(TARGET_NAME)";
				SWIFT_VERSION = 5.0;
				TARGETED_DEVICE_FAMILY = "1,2";
				TEST_HOST = "$(BUILT_PRODUCTS_DIR)/Stability.app/Stability";
			};
			name = Release;
		};
		518256D4210FA94600A0788D /* Debug */ = {
			isa = XCBuildConfiguration;
			baseConfigurationReference = 4761555CB4EC34BB79F30DC5 /* Pods-StabilityUITests.debug.xcconfig */;
			buildSettings = {
				ALWAYS_EMBED_SWIFT_STANDARD_LIBRARIES = YES;
				CODE_SIGN_STYLE = Automatic;
				DEVELOPMENT_TEAM = N8Y3UV695H;
				INFOPLIST_FILE = balanceUITests/Info.plist;
				LD_RUNPATH_SEARCH_PATHS = (
					"$(inherited)",
					"@executable_path/Frameworks",
					"@loader_path/Frameworks",
				);
				PRODUCT_BUNDLE_IDENTIFIER = com.orbmentality.balanceUITests;
				PRODUCT_NAME = "$(TARGET_NAME)";
				SWIFT_VERSION = 5.0;
				TARGETED_DEVICE_FAMILY = "1,2";
				TEST_TARGET_NAME = balance;
			};
			name = Debug;
		};
		518256D5210FA94600A0788D /* Release */ = {
			isa = XCBuildConfiguration;
			baseConfigurationReference = 153CA77710A7D6A5AA5452C3 /* Pods-StabilityUITests.release.xcconfig */;
			buildSettings = {
				ALWAYS_EMBED_SWIFT_STANDARD_LIBRARIES = YES;
				CODE_SIGN_STYLE = Automatic;
				DEVELOPMENT_TEAM = N8Y3UV695H;
				INFOPLIST_FILE = balanceUITests/Info.plist;
				LD_RUNPATH_SEARCH_PATHS = (
					"$(inherited)",
					"@executable_path/Frameworks",
					"@loader_path/Frameworks",
				);
				PRODUCT_BUNDLE_IDENTIFIER = com.orbmentality.balanceUITests;
				PRODUCT_NAME = "$(TARGET_NAME)";
				SWIFT_VERSION = 5.0;
				TARGETED_DEVICE_FAMILY = "1,2";
				TEST_TARGET_NAME = balance;
			};
			name = Release;
		};
/* End XCBuildConfiguration section */

/* Begin XCConfigurationList section */
		5182569D210FA94500A0788D /* Build configuration list for PBXProject "Stability" */ = {
			isa = XCConfigurationList;
			buildConfigurations = (
				518256CB210FA94600A0788D /* Debug */,
				518256CC210FA94600A0788D /* Release */,
			);
			defaultConfigurationIsVisible = 0;
			defaultConfigurationName = Release;
		};
		518256CD210FA94600A0788D /* Build configuration list for PBXNativeTarget "Stability" */ = {
			isa = XCConfigurationList;
			buildConfigurations = (
				518256CE210FA94600A0788D /* Debug */,
				518256CF210FA94600A0788D /* Release */,
			);
			defaultConfigurationIsVisible = 0;
			defaultConfigurationName = Release;
		};
		518256D0210FA94600A0788D /* Build configuration list for PBXNativeTarget "StabilityTests" */ = {
			isa = XCConfigurationList;
			buildConfigurations = (
				518256D1210FA94600A0788D /* Debug */,
				518256D2210FA94600A0788D /* Release */,
			);
			defaultConfigurationIsVisible = 0;
			defaultConfigurationName = Release;
		};
		518256D3210FA94600A0788D /* Build configuration list for PBXNativeTarget "StabilityUITests" */ = {
			isa = XCConfigurationList;
			buildConfigurations = (
				518256D4210FA94600A0788D /* Debug */,
				518256D5210FA94600A0788D /* Release */,
			);
			defaultConfigurationIsVisible = 0;
			defaultConfigurationName = Release;
		};
/* End XCConfigurationList section */

/* Begin XCVersionGroup section */
		51CEA7EA22E551F300217CE5 /* Stability.xcdatamodeld */ = {
			isa = XCVersionGroup;
			children = (
				51CEA7EB22E551F300217CE5 /* balance.xcdatamodel */,
			);
			currentVersion = 51CEA7EB22E551F300217CE5 /* balance.xcdatamodel */;
			path = Stability.xcdatamodeld;
			sourceTree = "<group>";
			versionGroupType = wrapper.xcdatamodel;
		};
/* End XCVersionGroup section */
	};
	rootObject = 5182569A210FA94500A0788D /* Project object */;
}
